
Microsoft Visual Studio Solution File, Format Version 12.00
# Visual Studio Version 17
VisualStudioVersion = 17.5.33627.172
MinimumVisualStudioVersion = 10.0.40219.1
Project("{9A19103F-16F7-4668-BE54-9A1E7A4F7556}") = "ProductionFloorPlacementService", "ProductionFloorPlacementService.csproj", "{E2EDF44F-665A-4A38-B156-83FDC0E7B05B}"
EndProject
Project("{FAE04EC0-301F-11D3-BF4B-00C04F79EFBC}") = "ProductionFloorPlacementService.Tests", "..\ProductionFloorPlacementService.Tests\ProductionFloorPlacementService.Tests.csproj", "{F9332021-4FE0-4CB2-B786-A3640C23631F}"
EndProject
Global
	GlobalSection(SolutionConfigurationPlatforms) = preSolution
		Debug|Any CPU = Debug|Any CPU
		Release|Any CPU = Release|Any CPU
	EndGlobalSection
	GlobalSection(ProjectConfigurationPlatforms) = postSolution
		{E2EDF44F-665A-4A38-B156-83FDC0E7B05B}.Debug|Any CPU.ActiveCfg = Debug|Any CPU
		{E2EDF44F-665A-4A38-B156-83FDC0E7B05B}.Debug|Any CPU.Build.0 = Debug|Any CPU
		{E2EDF44F-665A-4A38-B156-83FDC0E7B05B}.Release|Any CPU.ActiveCfg = Release|Any CPU
		{E2EDF44F-665A-4A38-B156-83FDC0E7B05B}.Release|Any CPU.Build.0 = Release|Any CPU
		{F9332021-4FE0-4CB2-B786-A3640C23631F}.Debug|Any CPU.ActiveCfg = Debug|Any CPU
		{F9332021-4FE0-4CB2-B786-A3640C23631F}.Debug|Any CPU.Build.0 = Debug|Any CPU
		{F9332021-4FE0-4CB2-B786-A3640C23631F}.Release|Any CPU.ActiveCfg = Release|Any CPU
		{F9332021-4FE0-4CB2-B786-A3640C23631F}.Release|Any CPU.Build.0 = Release|Any CPU
	EndGlobalSection
	GlobalSection(SolutionProperties) = preSolution
		HideSolutionNode = FALSE
	EndGlobalSection
	GlobalSection(ExtensibilityGlobals) = postSolution
		SolutionGuid = {EEA20D66-4B18-4185-A8C3-DF748AC2E468}
	EndGlobalSection
EndGlobal
